{
  "name": "ng2-carouselamos",
  "version": "1.0.1",
  "lockfileVersion": 1,
  "dependencies": {
    "@angular/common": {
      "version": "4.2.4",
      "resolved": "https://registry.npmjs.org/@angular/common/-/common-4.2.4.tgz",
      "integrity": "sha1-m37g5pKrAxkafNmvMx0PSS087+s="
    },
    "@angular/core": {
      "version": "4.2.4",
      "resolved": "https://registry.npmjs.org/@angular/core/-/core-4.2.4.tgz",
      "integrity": "sha1-6N96jdXeWjJ3hN/DW12mNEKBzxs="
    },
    "tslib": {
      "version": "1.7.1",
      "resolved": "https://registry.npmjs.org/tslib/-/tslib-1.7.1.tgz",
      "integrity": "sha1-vIAEFkaRkjp5/oN4u+s9ogF1OOw="
    }
  }
}
